// !$*UTF8*$!
{
	archiveVersion = 1;
	classes = {
	};
	objectVersion = 56;
	objects = {

/* Begin PBXBuildFile section */
		1D0612AA2C6A75EF001FE2DD /* CatchMeApp.swift in Sources */ = {isa = PBXBuildFile; fileRef = 1D0612A92C6A75EF001FE2DD /* CatchMeApp.swift */; };
		1D0612AC2C6A75EF001FE2DD /* ContentView.swift in Sources */ = {isa = PBXBuildFile; fileRef = 1D0612AB2C6A75EF001FE2DD /* ContentView.swift */; };
		1D0612AE2C6A75F0001FE2DD /* Assets.xcassets in Resources */ = {isa = PBXBuildFile; fileRef = 1D0612AD2C6A75F0001FE2DD /* Assets.xcassets */; };
		1D0612B12C6A75F0001FE2DD /* Preview Assets.xcassets in Resources */ = {isa = PBXBuildFile; fileRef = 1D0612B02C6A75F0001FE2DD /* Preview Assets.xcassets */; };
		1D0612B92C6A7658001FE2DD /* QuizScreen.swift in Sources */ = {isa = PBXBuildFile; fileRef = 1D0612B82C6A7658001FE2DD /* QuizScreen.swift */; };
		1D0612BD2C6A767A001FE2DD /* GameHomeScreen.swift in Sources */ = {isa = PBXBuildFile; fileRef = 1D0612BC2C6A767A001FE2DD /* GameHomeScreen.swift */; };
		1D0612C02C6A768D001FE2DD /* ProfileMainScreen.swift in Sources */ = {isa = PBXBuildFile; fileRef = 1D0612BF2C6A768D001FE2DD /* ProfileMainScreen.swift */; };
		1D0612C32C6A81F4001FE2DD /* Quiz.swift in Sources */ = {isa = PBXBuildFile; fileRef = 1D0612C22C6A81F4001FE2DD /* Quiz.swift */; };
		1D0612CB2C6A84D5001FE2DD /* QuestionScreen.swift in Sources */ = {isa = PBXBuildFile; fileRef = 1D0612CA2C6A84D5001FE2DD /* QuestionScreen.swift */; };
		1D7CF19B2CA1CD3100CB17ED /* APIConfig.swift in Sources */ = {isa = PBXBuildFile; fileRef = 1D7CF19A2CA1CD3100CB17ED /* APIConfig.swift */; };
		1D7CF1B72CA47CC100CB17ED /* AppDelegate.swift in Sources */ = {isa = PBXBuildFile; fileRef = 1D7CF1B62CA47CC100CB17ED /* AppDelegate.swift */; };
		1D7CF1C92CA7E98B00CB17ED /* GoogleSignInManager.swift in Sources */ = {isa = PBXBuildFile; fileRef = 1D7CF1C82CA7E98B00CB17ED /* GoogleSignInManager.swift */; };
		1D7CF1D12CA7EFE800CB17ED /* FirebaseAnalytics in Frameworks */ = {isa = PBXBuildFile; productRef = 1D7CF1D02CA7EFE800CB17ED /* FirebaseAnalytics */; };
		1D7CF1D32CA7EFE800CB17ED /* FirebaseAnalyticsOnDeviceConversion in Frameworks */ = {isa = PBXBuildFile; productRef = 1D7CF1D22CA7EFE800CB17ED /* FirebaseAnalyticsOnDeviceConversion */; };
		1D7CF1D52CA7EFE800CB17ED /* FirebaseAnalyticsWithoutAdIdSupport in Frameworks */ = {isa = PBXBuildFile; productRef = 1D7CF1D42CA7EFE800CB17ED /* FirebaseAnalyticsWithoutAdIdSupport */; };
		1D7CF1D72CA7EFE800CB17ED /* FirebaseAppCheck in Frameworks */ = {isa = PBXBuildFile; productRef = 1D7CF1D62CA7EFE800CB17ED /* FirebaseAppCheck */; };
		1D7CF1D92CA7EFE800CB17ED /* FirebaseAppDistribution-Beta in Frameworks */ = {isa = PBXBuildFile; productRef = 1D7CF1D82CA7EFE800CB17ED /* FirebaseAppDistribution-Beta */; };
		1D7CF1DB2CA7EFE800CB17ED /* FirebaseAuth in Frameworks */ = {isa = PBXBuildFile; productRef = 1D7CF1DA2CA7EFE800CB17ED /* FirebaseAuth */; };
		1D7CF1DD2CA7EFE800CB17ED /* FirebaseAuthCombine-Community in Frameworks */ = {isa = PBXBuildFile; productRef = 1D7CF1DC2CA7EFE800CB17ED /* FirebaseAuthCombine-Community */; };
		1D7CF1DF2CA7EFE800CB17ED /* FirebaseCrashlytics in Frameworks */ = {isa = PBXBuildFile; productRef = 1D7CF1DE2CA7EFE800CB17ED /* FirebaseCrashlytics */; };
		1D7CF1E12CA7EFE800CB17ED /* FirebaseDatabase in Frameworks */ = {isa = PBXBuildFile; productRef = 1D7CF1E02CA7EFE800CB17ED /* FirebaseDatabase */; };
		1D7CF1E32CA7EFE800CB17ED /* FirebaseDynamicLinks in Frameworks */ = {isa = PBXBuildFile; productRef = 1D7CF1E22CA7EFE800CB17ED /* FirebaseDynamicLinks */; };
		1D7CF1E52CA7EFE800CB17ED /* FirebaseFirestore in Frameworks */ = {isa = PBXBuildFile; productRef = 1D7CF1E42CA7EFE800CB17ED /* FirebaseFirestore */; };
		1D7CF1E72CA7EFE800CB17ED /* FirebaseFirestoreCombine-Community in Frameworks */ = {isa = PBXBuildFile; productRef = 1D7CF1E62CA7EFE800CB17ED /* FirebaseFirestoreCombine-Community */; };
		1D7CF1EA2CA7F23900CB17ED /* FirebaseAnalytics in Frameworks */ = {isa = PBXBuildFile; productRef = 1D7CF1E92CA7F23900CB17ED /* FirebaseAnalytics */; };
		1D7CF1EC2CA7F23900CB17ED /* FirebaseAnalyticsOnDeviceConversion in Frameworks */ = {isa = PBXBuildFile; productRef = 1D7CF1EB2CA7F23900CB17ED /* FirebaseAnalyticsOnDeviceConversion */; };
		1D7CF1EE2CA7F23900CB17ED /* FirebaseAnalyticsWithoutAdIdSupport in Frameworks */ = {isa = PBXBuildFile; productRef = 1D7CF1ED2CA7F23900CB17ED /* FirebaseAnalyticsWithoutAdIdSupport */; };
		1D7CF1F02CA7F23900CB17ED /* FirebaseAppCheck in Frameworks */ = {isa = PBXBuildFile; productRef = 1D7CF1EF2CA7F23900CB17ED /* FirebaseAppCheck */; };
		1D7CF1F22CA7F23900CB17ED /* FirebaseAppDistribution-Beta in Frameworks */ = {isa = PBXBuildFile; productRef = 1D7CF1F12CA7F23900CB17ED /* FirebaseAppDistribution-Beta */; };
		1D7CF1F42CA7F23900CB17ED /* FirebaseAuth in Frameworks */ = {isa = PBXBuildFile; productRef = 1D7CF1F32CA7F23900CB17ED /* FirebaseAuth */; };
		1D7CF1F62CA7F23900CB17ED /* FirebaseAuthCombine-Community in Frameworks */ = {isa = PBXBuildFile; productRef = 1D7CF1F52CA7F23900CB17ED /* FirebaseAuthCombine-Community */; };
		1D7CF1F82CA7F23900CB17ED /* FirebaseCrashlytics in Frameworks */ = {isa = PBXBuildFile; productRef = 1D7CF1F72CA7F23900CB17ED /* FirebaseCrashlytics */; };
		1D7CF1FA2CA7F23900CB17ED /* FirebaseDatabase in Frameworks */ = {isa = PBXBuildFile; productRef = 1D7CF1F92CA7F23900CB17ED /* FirebaseDatabase */; };
		1D7CF1FC2CA7F23900CB17ED /* FirebaseDynamicLinks in Frameworks */ = {isa = PBXBuildFile; productRef = 1D7CF1FB2CA7F23900CB17ED /* FirebaseDynamicLinks */; };
		1D7CF1FE2CA7F23900CB17ED /* FirebaseFirestore in Frameworks */ = {isa = PBXBuildFile; productRef = 1D7CF1FD2CA7F23900CB17ED /* FirebaseFirestore */; };
		1D7CF2002CA7F23900CB17ED /* FirebaseFirestoreCombine-Community in Frameworks */ = {isa = PBXBuildFile; productRef = 1D7CF1FF2CA7F23900CB17ED /* FirebaseFirestoreCombine-Community */; };
		1D7CF2022CA7F23900CB17ED /* FirebaseFunctions in Frameworks */ = {isa = PBXBuildFile; productRef = 1D7CF2012CA7F23900CB17ED /* FirebaseFunctions */; };
		1D7CF2042CA7F23900CB17ED /* FirebaseFunctionsCombine-Community in Frameworks */ = {isa = PBXBuildFile; productRef = 1D7CF2032CA7F23900CB17ED /* FirebaseFunctionsCombine-Community */; };
		1D7CF2062CA7F23900CB17ED /* FirebaseInAppMessaging-Beta in Frameworks */ = {isa = PBXBuildFile; productRef = 1D7CF2052CA7F23900CB17ED /* FirebaseInAppMessaging-Beta */; };
		1D7CF2082CA7F23900CB17ED /* FirebaseInstallations in Frameworks */ = {isa = PBXBuildFile; productRef = 1D7CF2072CA7F23900CB17ED /* FirebaseInstallations */; };
		1D7CF20A2CA7F23900CB17ED /* FirebaseMLModelDownloader in Frameworks */ = {isa = PBXBuildFile; productRef = 1D7CF2092CA7F23900CB17ED /* FirebaseMLModelDownloader */; };
		1D7CF20C2CA7F23900CB17ED /* FirebaseMessaging in Frameworks */ = {isa = PBXBuildFile; productRef = 1D7CF20B2CA7F23900CB17ED /* FirebaseMessaging */; };
		1D7CF20E2CA7F23900CB17ED /* FirebasePerformance in Frameworks */ = {isa = PBXBuildFile; productRef = 1D7CF20D2CA7F23900CB17ED /* FirebasePerformance */; };
		1D7CF2102CA7F23900CB17ED /* FirebaseRemoteConfig in Frameworks */ = {isa = PBXBuildFile; productRef = 1D7CF20F2CA7F23900CB17ED /* FirebaseRemoteConfig */; };
		1D7CF2122CA7F23900CB17ED /* FirebaseStorage in Frameworks */ = {isa = PBXBuildFile; productRef = 1D7CF2112CA7F23900CB17ED /* FirebaseStorage */; };
		1D7CF2142CA7F23900CB17ED /* FirebaseStorageCombine-Community in Frameworks */ = {isa = PBXBuildFile; productRef = 1D7CF2132CA7F23900CB17ED /* FirebaseStorageCombine-Community */; };
		1D7CF2162CA7F23900CB17ED /* FirebaseVertexAI-Preview in Frameworks */ = {isa = PBXBuildFile; productRef = 1D7CF2152CA7F23900CB17ED /* FirebaseVertexAI-Preview */; };
		1D7CF2192CA7F26200CB17ED /* GoogleSignIn in Frameworks */ = {isa = PBXBuildFile; productRef = 1D7CF2182CA7F26200CB17ED /* GoogleSignIn */; };
		1D7CF21B2CA7F26200CB17ED /* GoogleSignInSwift in Frameworks */ = {isa = PBXBuildFile; productRef = 1D7CF21A2CA7F26200CB17ED /* GoogleSignInSwift */; };
		1DC3197F2C9895A90022C2F5 /* AuthModel.swift in Sources */ = {isa = PBXBuildFile; fileRef = 1DC3197E2C9895A90022C2F5 /* AuthModel.swift */; };
		1DDDFFA72C7CE8CE007D507A /* AuthEMailResponseModel.swift in Sources */ = {isa = PBXBuildFile; fileRef = 1DDDFFA62C7CE8CE007D507A /* AuthEMailResponseModel.swift */; };
		1DFCDCE52C73ACFF00C32231 /* Alamofire in Frameworks */ = {isa = PBXBuildFile; productRef = 1DFCDCE42C73ACFF00C32231 /* Alamofire */; };
		1DFCDCE82C73BB7D00C32231 /* AuthScreen.swift in Sources */ = {isa = PBXBuildFile; fileRef = 1DFCDCE72C73BB7C00C32231 /* AuthScreen.swift */; };
		1DFCDCEA2C73BB9D00C32231 /* ConfirmCodeScreen.swift in Sources */ = {isa = PBXBuildFile; fileRef = 1DFCDCE92C73BB9D00C32231 /* ConfirmCodeScreen.swift */; };
		1DFCDCEC2C73C08000C32231 /* TabMain.swift in Sources */ = {isa = PBXBuildFile; fileRef = 1DFCDCEB2C73C08000C32231 /* TabMain.swift */; };
		29E242C42C862D11006CDFB3 /* SplashScreen.swift in Sources */ = {isa = PBXBuildFile; fileRef = 29E242C32C862D11006CDFB3 /* SplashScreen.swift */; };
		2EDCD2672C8F61CE00EFB34B /* ColorMatchGameScreen.swift in Sources */ = {isa = PBXBuildFile; fileRef = 2EDCD2662C8F61CE00EFB34B /* ColorMatchGameScreen.swift */; };
		BA0C8E052C86FB2B00111D38 /* CategoriesScreen.swift in Sources */ = {isa = PBXBuildFile; fileRef = BA0C8E042C86FB2B00111D38 /* CategoriesScreen.swift */; };
		BA0C8E082C86FB7200111D38 /* Categorie.swift in Sources */ = {isa = PBXBuildFile; fileRef = BA0C8E072C86FB7200111D38 /* Categorie.swift */; };
		BA108EF82CA94A2300EA9803 /* GoogleService-Info.plist in Resources */ = {isa = PBXBuildFile; fileRef = BA108EF72CA94A2300EA9803 /* GoogleService-Info.plist */; };
/* End PBXBuildFile section */

/* Begin PBXFileReference section */
		1D0612A62C6A75EF001FE2DD /* CatchMe.app */ = {isa = PBXFileReference; explicitFileType = wrapper.application; includeInIndex = 0; path = CatchMe.app; sourceTree = BUILT_PRODUCTS_DIR; };
		1D0612A92C6A75EF001FE2DD /* CatchMeApp.swift */ = {isa = PBXFileReference; lastKnownFileType = sourcecode.swift; path = CatchMeApp.swift; sourceTree = "<group>"; };
		1D0612AB2C6A75EF001FE2DD /* ContentView.swift */ = {isa = PBXFileReference; lastKnownFileType = sourcecode.swift; path = ContentView.swift; sourceTree = "<group>"; };
		1D0612AD2C6A75F0001FE2DD /* Assets.xcassets */ = {isa = PBXFileReference; lastKnownFileType = folder.assetcatalog; path = Assets.xcassets; sourceTree = "<group>"; };
		1D0612B02C6A75F0001FE2DD /* Preview Assets.xcassets */ = {isa = PBXFileReference; lastKnownFileType = folder.assetcatalog; path = "Preview Assets.xcassets"; sourceTree = "<group>"; };
		1D0612B82C6A7658001FE2DD /* QuizScreen.swift */ = {isa = PBXFileReference; lastKnownFileType = sourcecode.swift; path = QuizScreen.swift; sourceTree = "<group>"; };
		1D0612BC2C6A767A001FE2DD /* GameHomeScreen.swift */ = {isa = PBXFileReference; lastKnownFileType = sourcecode.swift; path = GameHomeScreen.swift; sourceTree = "<group>"; };
		1D0612BF2C6A768D001FE2DD /* ProfileMainScreen.swift */ = {isa = PBXFileReference; lastKnownFileType = sourcecode.swift; path = ProfileMainScreen.swift; sourceTree = "<group>"; };
		1D0612C22C6A81F4001FE2DD /* Quiz.swift */ = {isa = PBXFileReference; lastKnownFileType = sourcecode.swift; path = Quiz.swift; sourceTree = "<group>"; };
		1D0612CA2C6A84D5001FE2DD /* QuestionScreen.swift */ = {isa = PBXFileReference; lastKnownFileType = sourcecode.swift; path = QuestionScreen.swift; sourceTree = "<group>"; };
		1D7CF19A2CA1CD3100CB17ED /* APIConfig.swift */ = {isa = PBXFileReference; lastKnownFileType = sourcecode.swift; path = APIConfig.swift; sourceTree = "<group>"; };
		1D7CF1B62CA47CC100CB17ED /* AppDelegate.swift */ = {isa = PBXFileReference; lastKnownFileType = sourcecode.swift; path = AppDelegate.swift; sourceTree = "<group>"; };
		1D7CF1C82CA7E98B00CB17ED /* GoogleSignInManager.swift */ = {isa = PBXFileReference; lastKnownFileType = sourcecode.swift; path = GoogleSignInManager.swift; sourceTree = "<group>"; };
		1DC3197E2C9895A90022C2F5 /* AuthModel.swift */ = {isa = PBXFileReference; lastKnownFileType = sourcecode.swift; path = AuthModel.swift; sourceTree = "<group>"; };
		1DDDFFA62C7CE8CE007D507A /* AuthEMailResponseModel.swift */ = {isa = PBXFileReference; lastKnownFileType = sourcecode.swift; path = AuthEMailResponseModel.swift; sourceTree = "<group>"; };
		1DFCDCE72C73BB7C00C32231 /* AuthScreen.swift */ = {isa = PBXFileReference; lastKnownFileType = sourcecode.swift; path = AuthScreen.swift; sourceTree = "<group>"; };
		1DFCDCE92C73BB9D00C32231 /* ConfirmCodeScreen.swift */ = {isa = PBXFileReference; lastKnownFileType = sourcecode.swift; path = ConfirmCodeScreen.swift; sourceTree = "<group>"; };
		1DFCDCEB2C73C08000C32231 /* TabMain.swift */ = {isa = PBXFileReference; lastKnownFileType = sourcecode.swift; path = TabMain.swift; sourceTree = "<group>"; };
		29E242C32C862D11006CDFB3 /* SplashScreen.swift */ = {isa = PBXFileReference; fileEncoding = 4; lastKnownFileType = sourcecode.swift; path = SplashScreen.swift; sourceTree = "<group>"; };
		2EDCD2662C8F61CE00EFB34B /* ColorMatchGameScreen.swift */ = {isa = PBXFileReference; lastKnownFileType = sourcecode.swift; path = ColorMatchGameScreen.swift; sourceTree = "<group>"; };
		BA0C8E042C86FB2B00111D38 /* CategoriesScreen.swift */ = {isa = PBXFileReference; lastKnownFileType = sourcecode.swift; path = CategoriesScreen.swift; sourceTree = "<group>"; };
		BA0C8E072C86FB7200111D38 /* Categorie.swift */ = {isa = PBXFileReference; lastKnownFileType = sourcecode.swift; path = Categorie.swift; sourceTree = "<group>"; };
		BA108EF72CA94A2300EA9803 /* GoogleService-Info.plist */ = {isa = PBXFileReference; lastKnownFileType = text.plist.xml; path = "GoogleService-Info.plist"; sourceTree = "<group>"; };
/* End PBXFileReference section */

/* Begin PBXFrameworksBuildPhase section */
		1D0612A32C6A75EF001FE2DD /* Frameworks */ = {
			isa = PBXFrameworksBuildPhase;
			buildActionMask = 2147483647;
			files = (
				1D7CF2162CA7F23900CB17ED /* FirebaseVertexAI-Preview in Frameworks */,
				1D7CF2102CA7F23900CB17ED /* FirebaseRemoteConfig in Frameworks */,
				1D7CF20C2CA7F23900CB17ED /* FirebaseMessaging in Frameworks */,
				1D7CF1EA2CA7F23900CB17ED /* FirebaseAnalytics in Frameworks */,
				1D7CF1F02CA7F23900CB17ED /* FirebaseAppCheck in Frameworks */,
				1DFCDCE52C73ACFF00C32231 /* Alamofire in Frameworks */,
				1D7CF1F82CA7F23900CB17ED /* FirebaseCrashlytics in Frameworks */,
				1D7CF1D92CA7EFE800CB17ED /* FirebaseAppDistribution-Beta in Frameworks */,
				1D7CF20E2CA7F23900CB17ED /* FirebasePerformance in Frameworks */,
				1D7CF1FE2CA7F23900CB17ED /* FirebaseFirestore in Frameworks */,
				1D7CF1E52CA7EFE800CB17ED /* FirebaseFirestore in Frameworks */,
				1D7CF1DD2CA7EFE800CB17ED /* FirebaseAuthCombine-Community in Frameworks */,
				1D7CF2002CA7F23900CB17ED /* FirebaseFirestoreCombine-Community in Frameworks */,
				1D7CF2022CA7F23900CB17ED /* FirebaseFunctions in Frameworks */,
				1D7CF1E32CA7EFE800CB17ED /* FirebaseDynamicLinks in Frameworks */,
				1D7CF2082CA7F23900CB17ED /* FirebaseInstallations in Frameworks */,
				1D7CF1FA2CA7F23900CB17ED /* FirebaseDatabase in Frameworks */,
				1D7CF1FC2CA7F23900CB17ED /* FirebaseDynamicLinks in Frameworks */,
				1D7CF1DB2CA7EFE800CB17ED /* FirebaseAuth in Frameworks */,
				1D7CF21B2CA7F26200CB17ED /* GoogleSignInSwift in Frameworks */,
				1D7CF1EE2CA7F23900CB17ED /* FirebaseAnalyticsWithoutAdIdSupport in Frameworks */,
				1D7CF2062CA7F23900CB17ED /* FirebaseInAppMessaging-Beta in Frameworks */,
				1D7CF1EC2CA7F23900CB17ED /* FirebaseAnalyticsOnDeviceConversion in Frameworks */,
				1D7CF1E12CA7EFE800CB17ED /* FirebaseDatabase in Frameworks */,
				1D7CF2142CA7F23900CB17ED /* FirebaseStorageCombine-Community in Frameworks */,
				1D7CF1D72CA7EFE800CB17ED /* FirebaseAppCheck in Frameworks */,
				1D7CF1D52CA7EFE800CB17ED /* FirebaseAnalyticsWithoutAdIdSupport in Frameworks */,
				1D7CF2192CA7F26200CB17ED /* GoogleSignIn in Frameworks */,
				1D7CF1F42CA7F23900CB17ED /* FirebaseAuth in Frameworks */,
				1D7CF2042CA7F23900CB17ED /* FirebaseFunctionsCombine-Community in Frameworks */,
				1D7CF1E72CA7EFE800CB17ED /* FirebaseFirestoreCombine-Community in Frameworks */,
				1D7CF1D32CA7EFE800CB17ED /* FirebaseAnalyticsOnDeviceConversion in Frameworks */,
				1D7CF1DF2CA7EFE800CB17ED /* FirebaseCrashlytics in Frameworks */,
				1D7CF2122CA7F23900CB17ED /* FirebaseStorage in Frameworks */,
				1D7CF1D12CA7EFE800CB17ED /* FirebaseAnalytics in Frameworks */,
				1D7CF20A2CA7F23900CB17ED /* FirebaseMLModelDownloader in Frameworks */,
				1D7CF1F22CA7F23900CB17ED /* FirebaseAppDistribution-Beta in Frameworks */,
				1D7CF1F62CA7F23900CB17ED /* FirebaseAuthCombine-Community in Frameworks */,
			);
			runOnlyForDeploymentPostprocessing = 0;
		};
/* End PBXFrameworksBuildPhase section */

/* Begin PBXGroup section */
		1D06129D2C6A75EF001FE2DD = {
			isa = PBXGroup;
			children = (
				BA108EF72CA94A2300EA9803 /* GoogleService-Info.plist */,
				1D0612A82C6A75EF001FE2DD /* CatchMe */,
				1D0612A72C6A75EF001FE2DD /* Products */,
			);
			sourceTree = "<group>";
		};
		1D0612A72C6A75EF001FE2DD /* Products */ = {
			isa = PBXGroup;
			children = (
				1D0612A62C6A75EF001FE2DD /* CatchMe.app */,
			);
			name = Products;
			sourceTree = "<group>";
		};
		1D0612A82C6A75EF001FE2DD /* CatchMe */ = {
			isa = PBXGroup;
			children = (
				1D7CF1992CA1CD2400CB17ED /* Config */,
				1D0612C12C6A81E4001FE2DD /* Models */,
				1D0612B72C6A763F001FE2DD /* Screens */,
				1D0612A92C6A75EF001FE2DD /* CatchMeApp.swift */,
				1D0612AB2C6A75EF001FE2DD /* ContentView.swift */,
				1D0612AD2C6A75F0001FE2DD /* Assets.xcassets */,
				1D0612AF2C6A75F0001FE2DD /* Preview Content */,
				1D7CF1B62CA47CC100CB17ED /* AppDelegate.swift */,
			);
			path = CatchMe;
			sourceTree = "<group>";
		};
		1D0612AF2C6A75F0001FE2DD /* Preview Content */ = {
			isa = PBXGroup;
			children = (
				1D0612B02C6A75F0001FE2DD /* Preview Assets.xcassets */,
			);
			path = "Preview Content";
			sourceTree = "<group>";
		};
		1D0612B72C6A763F001FE2DD /* Screens */ = {
			isa = PBXGroup;
			children = (
				BA0C8E032C86FB0800111D38 /* categories */,
				29E242C22C862CF3006CDFB3 /* splash */,
				1DFCDCE62C73BB6F00C32231 /* auth */,
				1D0612BE2C6A7680001FE2DD /* profile */,
				1D0612BB2C6A766B001FE2DD /* games */,
				1D0612BA2C6A7661001FE2DD /* quiz */,
				1DFCDCEB2C73C08000C32231 /* TabMain.swift */,
			);
			path = Screens;
			sourceTree = "<group>";
		};
		1D0612BA2C6A7661001FE2DD /* quiz */ = {
			isa = PBXGroup;
			children = (
				1D0612B82C6A7658001FE2DD /* QuizScreen.swift */,
				1D0612CA2C6A84D5001FE2DD /* QuestionScreen.swift */,
			);
			path = quiz;
			sourceTree = "<group>";
		};
		1D0612BB2C6A766B001FE2DD /* games */ = {
			isa = PBXGroup;
			children = (
				2EDCD2652C8F614500EFB34B /* ColorMatch */,
				1D0612BC2C6A767A001FE2DD /* GameHomeScreen.swift */,
			);
			path = games;
			sourceTree = "<group>";
		};
		1D0612BE2C6A7680001FE2DD /* profile */ = {
			isa = PBXGroup;
			children = (
				1D0612BF2C6A768D001FE2DD /* ProfileMainScreen.swift */,
			);
			path = profile;
			sourceTree = "<group>";
		};
		1D0612C12C6A81E4001FE2DD /* Models */ = {
			isa = PBXGroup;
			children = (
				1D7CF1C72CA7E97E00CB17ED /* google */,
				BA0C8E062C86FB5A00111D38 /* categories */,
				1DDDFFA52C7CE8BC007D507A /* auth */,
				1D0612C42C6A826C001FE2DD /* quiz */,
				1DC3197E2C9895A90022C2F5 /* AuthModel.swift */,
			);
			path = Models;
			sourceTree = "<group>";
		};
		1D0612C42C6A826C001FE2DD /* quiz */ = {
			isa = PBXGroup;
			children = (
				1D0612C22C6A81F4001FE2DD /* Quiz.swift */,
			);
			name = quiz;
			sourceTree = "<group>";
		};
		1D7CF1992CA1CD2400CB17ED /* Config */ = {
			isa = PBXGroup;
			children = (
				1D7CF19A2CA1CD3100CB17ED /* APIConfig.swift */,
			);
			path = Config;
			sourceTree = "<group>";
		};
		1D7CF1C72CA7E97E00CB17ED /* google */ = {
			isa = PBXGroup;
			children = (
				1D7CF1C82CA7E98B00CB17ED /* GoogleSignInManager.swift */,
			);
			name = google;
			sourceTree = "<group>";
		};
		1DDDFFA52C7CE8BC007D507A /* auth */ = {
			isa = PBXGroup;
			children = (
				1DDDFFA62C7CE8CE007D507A /* AuthEMailResponseModel.swift */,
			);
			name = auth;
			sourceTree = "<group>";
		};
		1DFCDCE62C73BB6F00C32231 /* auth */ = {
			isa = PBXGroup;
			children = (
				1DFCDCE72C73BB7C00C32231 /* AuthScreen.swift */,
				1DFCDCE92C73BB9D00C32231 /* ConfirmCodeScreen.swift */,
			);
			path = auth;
			sourceTree = "<group>";
		};
		29E242C22C862CF3006CDFB3 /* splash */ = {
			isa = PBXGroup;
			children = (
				29E242C32C862D11006CDFB3 /* SplashScreen.swift */,
			);
			path = splash;
			sourceTree = "<group>";
		};
		2EDCD2652C8F614500EFB34B /* ColorMatch */ = {
			isa = PBXGroup;
			children = (
				2EDCD2662C8F61CE00EFB34B /* ColorMatchGameScreen.swift */,
			);
			path = ColorMatch;
			sourceTree = "<group>";
		};
		BA0C8E032C86FB0800111D38 /* categories */ = {
			isa = PBXGroup;
			children = (
				BA0C8E042C86FB2B00111D38 /* CategoriesScreen.swift */,
			);
			path = categories;
			sourceTree = "<group>";
		};
		BA0C8E062C86FB5A00111D38 /* categories */ = {
			isa = PBXGroup;
			children = (
				BA0C8E072C86FB7200111D38 /* Categorie.swift */,
			);
			name = categories;
			sourceTree = "<group>";
		};
/* End PBXGroup section */

/* Begin PBXNativeTarget section */
		1D0612A52C6A75EF001FE2DD /* CatchMe */ = {
			isa = PBXNativeTarget;
			buildConfigurationList = 1D0612B42C6A75F0001FE2DD /* Build configuration list for PBXNativeTarget "CatchMe" */;
			buildPhases = (
				1D0612A22C6A75EF001FE2DD /* Sources */,
				1D0612A32C6A75EF001FE2DD /* Frameworks */,
				1D0612A42C6A75EF001FE2DD /* Resources */,
			);
			buildRules = (
			);
			dependencies = (
			);
			name = CatchMe;
			packageProductDependencies = (
				1DFCDCE42C73ACFF00C32231 /* Alamofire */,
				1D7CF1D02CA7EFE800CB17ED /* FirebaseAnalytics */,
				1D7CF1D22CA7EFE800CB17ED /* FirebaseAnalyticsOnDeviceConversion */,
				1D7CF1D42CA7EFE800CB17ED /* FirebaseAnalyticsWithoutAdIdSupport */,
				1D7CF1D62CA7EFE800CB17ED /* FirebaseAppCheck */,
				1D7CF1D82CA7EFE800CB17ED /* FirebaseAppDistribution-Beta */,
				1D7CF1DA2CA7EFE800CB17ED /* FirebaseAuth */,
				1D7CF1DC2CA7EFE800CB17ED /* FirebaseAuthCombine-Community */,
				1D7CF1DE2CA7EFE800CB17ED /* FirebaseCrashlytics */,
				1D7CF1E02CA7EFE800CB17ED /* FirebaseDatabase */,
				1D7CF1E22CA7EFE800CB17ED /* FirebaseDynamicLinks */,
				1D7CF1E42CA7EFE800CB17ED /* FirebaseFirestore */,
				1D7CF1E62CA7EFE800CB17ED /* FirebaseFirestoreCombine-Community */,
				1D7CF1E92CA7F23900CB17ED /* FirebaseAnalytics */,
				1D7CF1EB2CA7F23900CB17ED /* FirebaseAnalyticsOnDeviceConversion */,
				1D7CF1ED2CA7F23900CB17ED /* FirebaseAnalyticsWithoutAdIdSupport */,
				1D7CF1EF2CA7F23900CB17ED /* FirebaseAppCheck */,
				1D7CF1F12CA7F23900CB17ED /* FirebaseAppDistribution-Beta */,
				1D7CF1F32CA7F23900CB17ED /* FirebaseAuth */,
				1D7CF1F52CA7F23900CB17ED /* FirebaseAuthCombine-Community */,
				1D7CF1F72CA7F23900CB17ED /* FirebaseCrashlytics */,
				1D7CF1F92CA7F23900CB17ED /* FirebaseDatabase */,
				1D7CF1FB2CA7F23900CB17ED /* FirebaseDynamicLinks */,
				1D7CF1FD2CA7F23900CB17ED /* FirebaseFirestore */,
				1D7CF1FF2CA7F23900CB17ED /* FirebaseFirestoreCombine-Community */,
				1D7CF2012CA7F23900CB17ED /* FirebaseFunctions */,
				1D7CF2032CA7F23900CB17ED /* FirebaseFunctionsCombine-Community */,
				1D7CF2052CA7F23900CB17ED /* FirebaseInAppMessaging-Beta */,
				1D7CF2072CA7F23900CB17ED /* FirebaseInstallations */,
				1D7CF2092CA7F23900CB17ED /* FirebaseMLModelDownloader */,
				1D7CF20B2CA7F23900CB17ED /* FirebaseMessaging */,
				1D7CF20D2CA7F23900CB17ED /* FirebasePerformance */,
				1D7CF20F2CA7F23900CB17ED /* FirebaseRemoteConfig */,
				1D7CF2112CA7F23900CB17ED /* FirebaseStorage */,
				1D7CF2132CA7F23900CB17ED /* FirebaseStorageCombine-Community */,
				1D7CF2152CA7F23900CB17ED /* FirebaseVertexAI-Preview */,
				1D7CF2182CA7F26200CB17ED /* GoogleSignIn */,
				1D7CF21A2CA7F26200CB17ED /* GoogleSignInSwift */,
			);
			productName = CatchMe;
			productReference = 1D0612A62C6A75EF001FE2DD /* CatchMe.app */;
			productType = "com.apple.product-type.application";
		};
/* End PBXNativeTarget section */

/* Begin PBXProject section */
		1D06129E2C6A75EF001FE2DD /* Project object */ = {
			isa = PBXProject;
			attributes = {
				BuildIndependentTargetsInParallel = 1;
				LastSwiftUpdateCheck = 1520;
				LastUpgradeCheck = 1520;
				TargetAttributes = {
					1D0612A52C6A75EF001FE2DD = {
						CreatedOnToolsVersion = 15.2;
					};
				};
			};
			buildConfigurationList = 1D0612A12C6A75EF001FE2DD /* Build configuration list for PBXProject "CatchMe" */;
			compatibilityVersion = "Xcode 14.0";
			developmentRegion = en;
			hasScannedForEncodings = 0;
			knownRegions = (
				en,
				Base,
			);
			mainGroup = 1D06129D2C6A75EF001FE2DD;
			packageReferences = (
				1DFCDCE32C73ACFF00C32231 /* XCRemoteSwiftPackageReference "Alamofire" */,
				1D7CF1E82CA7F23900CB17ED /* XCRemoteSwiftPackageReference "firebase-ios-sdk" */,
				1D7CF2172CA7F26200CB17ED /* XCRemoteSwiftPackageReference "GoogleSignIn-iOS" */,
			);
			productRefGroup = 1D0612A72C6A75EF001FE2DD /* Products */;
			projectDirPath = "";
			projectRoot = "";
			targets = (
				1D0612A52C6A75EF001FE2DD /* CatchMe */,
			);
		};
/* End PBXProject section */

/* Begin PBXResourcesBuildPhase section */
		1D0612A42C6A75EF001FE2DD /* Resources */ = {
			isa = PBXResourcesBuildPhase;
			buildActionMask = 2147483647;
			files = (
				1D0612B12C6A75F0001FE2DD /* Preview Assets.xcassets in Resources */,
				1D0612AE2C6A75F0001FE2DD /* Assets.xcassets in Resources */,
				BA108EF82CA94A2300EA9803 /* GoogleService-Info.plist in Resources */,
			);
			runOnlyForDeploymentPostprocessing = 0;
		};
/* End PBXResourcesBuildPhase section */

/* Begin PBXSourcesBuildPhase section */
		1D0612A22C6A75EF001FE2DD /* Sources */ = {
			isa = PBXSourcesBuildPhase;
			buildActionMask = 2147483647;
			files = (
				29E242C42C862D11006CDFB3 /* SplashScreen.swift in Sources */,
				1D0612C02C6A768D001FE2DD /* ProfileMainScreen.swift in Sources */,
				1D0612AC2C6A75EF001FE2DD /* ContentView.swift in Sources */,
				1D0612C32C6A81F4001FE2DD /* Quiz.swift in Sources */,
				1D7CF19B2CA1CD3100CB17ED /* APIConfig.swift in Sources */,
				1D0612AA2C6A75EF001FE2DD /* CatchMeApp.swift in Sources */,
				1D0612CB2C6A84D5001FE2DD /* QuestionScreen.swift in Sources */,
				1DFCDCE82C73BB7D00C32231 /* AuthScreen.swift in Sources */,
				1D7CF1C92CA7E98B00CB17ED /* GoogleSignInManager.swift in Sources */,
				2EDCD2672C8F61CE00EFB34B /* ColorMatchGameScreen.swift in Sources */,
				1DDDFFA72C7CE8CE007D507A /* AuthEMailResponseModel.swift in Sources */,
				1DFCDCEC2C73C08000C32231 /* TabMain.swift in Sources */,
				1DC3197F2C9895A90022C2F5 /* AuthModel.swift in Sources */,
				1D7CF1B72CA47CC100CB17ED /* AppDelegate.swift in Sources */,
				1D0612BD2C6A767A001FE2DD /* GameHomeScreen.swift in Sources */,
				1DFCDCEA2C73BB9D00C32231 /* ConfirmCodeScreen.swift in Sources */,
				1D0612B92C6A7658001FE2DD /* QuizScreen.swift in Sources */,
				BA0C8E052C86FB2B00111D38 /* CategoriesScreen.swift in Sources */,
				BA0C8E082C86FB7200111D38 /* Categorie.swift in Sources */,
			);
			runOnlyForDeploymentPostprocessing = 0;
		};
/* End PBXSourcesBuildPhase section */

/* Begin XCBuildConfiguration section */
		1D0612B22C6A75F0001FE2DD /* Debug */ = {
			isa = XCBuildConfiguration;
			buildSettings = {
				ALWAYS_SEARCH_USER_PATHS = NO;
				ASSETCATALOG_COMPILER_GENERATE_SWIFT_ASSET_SYMBOL_EXTENSIONS = YES;
				CLANG_ANALYZER_NONNULL = YES;
				CLANG_ANALYZER_NUMBER_OBJECT_CONVERSION = YES_AGGRESSIVE;
				CLANG_CXX_LANGUAGE_STANDARD = "gnu++20";
				CLANG_ENABLE_MODULES = YES;
				CLANG_ENABLE_OBJC_ARC = YES;
				CLANG_ENABLE_OBJC_WEAK = YES;
				CLANG_WARN_BLOCK_CAPTURE_AUTORELEASING = YES;
				CLANG_WARN_BOOL_CONVERSION = YES;
				CLANG_WARN_COMMA = YES;
				CLANG_WARN_CONSTANT_CONVERSION = YES;
				CLANG_WARN_DEPRECATED_OBJC_IMPLEMENTATIONS = YES;
				CLANG_WARN_DIRECT_OBJC_ISA_USAGE = YES_ERROR;
				CLANG_WARN_DOCUMENTATION_COMMENTS = YES;
				CLANG_WARN_EMPTY_BODY = YES;
				CLANG_WARN_ENUM_CONVERSION = YES;
				CLANG_WARN_INFINITE_RECURSION = YES;
				CLANG_WARN_INT_CONVERSION = YES;
				CLANG_WARN_NON_LITERAL_NULL_CONVERSION = YES;
				CLANG_WARN_OBJC_IMPLICIT_RETAIN_SELF = YES;
				CLANG_WARN_OBJC_LITERAL_CONVERSION = YES;
				CLANG_WARN_OBJC_ROOT_CLASS = YES_ERROR;
				CLANG_WARN_QUOTED_INCLUDE_IN_FRAMEWORK_HEADER = YES;
				CLANG_WARN_RANGE_LOOP_ANALYSIS = YES;
				CLANG_WARN_STRICT_PROTOTYPES = YES;
				CLANG_WARN_SUSPICIOUS_MOVE = YES;
				CLANG_WARN_UNGUARDED_AVAILABILITY = YES_AGGRESSIVE;
				CLANG_WARN_UNREACHABLE_CODE = YES;
				CLANG_WARN__DUPLICATE_METHOD_MATCH = YES;
				COPY_PHASE_STRIP = NO;
				DEBUG_INFORMATION_FORMAT = dwarf;
				ENABLE_STRICT_OBJC_MSGSEND = YES;
				ENABLE_TESTABILITY = YES;
				ENABLE_USER_SCRIPT_SANDBOXING = YES;
				GCC_C_LANGUAGE_STANDARD = gnu17;
				GCC_DYNAMIC_NO_PIC = NO;
				GCC_NO_COMMON_BLOCKS = YES;
				GCC_OPTIMIZATION_LEVEL = 0;
				GCC_PREPROCESSOR_DEFINITIONS = (
					"DEBUG=1",
					"$(inherited)",
				);
				GCC_WARN_64_TO_32_BIT_CONVERSION = YES;
				GCC_WARN_ABOUT_RETURN_TYPE = YES_ERROR;
				GCC_WARN_UNDECLARED_SELECTOR = YES;
				GCC_WARN_UNINITIALIZED_AUTOS = YES_AGGRESSIVE;
				GCC_WARN_UNUSED_FUNCTION = YES;
				GCC_WARN_UNUSED_VARIABLE = YES;
				IPHONEOS_DEPLOYMENT_TARGET = 17.2;
				LOCALIZATION_PREFERS_STRING_CATALOGS = YES;
				MTL_ENABLE_DEBUG_INFO = INCLUDE_SOURCE;
				MTL_FAST_MATH = YES;
				ONLY_ACTIVE_ARCH = YES;
				SDKROOT = iphoneos;
				SWIFT_ACTIVE_COMPILATION_CONDITIONS = "DEBUG $(inherited)";
				SWIFT_OPTIMIZATION_LEVEL = "-Onone";
			};
			name = Debug;
		};
		1D0612B32C6A75F0001FE2DD /* Release */ = {
			isa = XCBuildConfiguration;
			buildSettings = {
				ALWAYS_SEARCH_USER_PATHS = NO;
				ASSETCATALOG_COMPILER_GENERATE_SWIFT_ASSET_SYMBOL_EXTENSIONS = YES;
				CLANG_ANALYZER_NONNULL = YES;
				CLANG_ANALYZER_NUMBER_OBJECT_CONVERSION = YES_AGGRESSIVE;
				CLANG_CXX_LANGUAGE_STANDARD = "gnu++20";
				CLANG_ENABLE_MODULES = YES;
				CLANG_ENABLE_OBJC_ARC = YES;
				CLANG_ENABLE_OBJC_WEAK = YES;
				CLANG_WARN_BLOCK_CAPTURE_AUTORELEASING = YES;
				CLANG_WARN_BOOL_CONVERSION = YES;
				CLANG_WARN_COMMA = YES;
				CLANG_WARN_CONSTANT_CONVERSION = YES;
				CLANG_WARN_DEPRECATED_OBJC_IMPLEMENTATIONS = YES;
				CLANG_WARN_DIRECT_OBJC_ISA_USAGE = YES_ERROR;
				CLANG_WARN_DOCUMENTATION_COMMENTS = YES;
				CLANG_WARN_EMPTY_BODY = YES;
				CLANG_WARN_ENUM_CONVERSION = YES;
				CLANG_WARN_INFINITE_RECURSION = YES;
				CLANG_WARN_INT_CONVERSION = YES;
				CLANG_WARN_NON_LITERAL_NULL_CONVERSION = YES;
				CLANG_WARN_OBJC_IMPLICIT_RETAIN_SELF = YES;
				CLANG_WARN_OBJC_LITERAL_CONVERSION = YES;
				CLANG_WARN_OBJC_ROOT_CLASS = YES_ERROR;
				CLANG_WARN_QUOTED_INCLUDE_IN_FRAMEWORK_HEADER = YES;
				CLANG_WARN_RANGE_LOOP_ANALYSIS = YES;
				CLANG_WARN_STRICT_PROTOTYPES = YES;
				CLANG_WARN_SUSPICIOUS_MOVE = YES;
				CLANG_WARN_UNGUARDED_AVAILABILITY = YES_AGGRESSIVE;
				CLANG_WARN_UNREACHABLE_CODE = YES;
				CLANG_WARN__DUPLICATE_METHOD_MATCH = YES;
				COPY_PHASE_STRIP = NO;
				DEBUG_INFORMATION_FORMAT = "dwarf-with-dsym";
				ENABLE_NS_ASSERTIONS = NO;
				ENABLE_STRICT_OBJC_MSGSEND = YES;
				ENABLE_USER_SCRIPT_SANDBOXING = YES;
				GCC_C_LANGUAGE_STANDARD = gnu17;
				GCC_NO_COMMON_BLOCKS = YES;
				GCC_WARN_64_TO_32_BIT_CONVERSION = YES;
				GCC_WARN_ABOUT_RETURN_TYPE = YES_ERROR;
				GCC_WARN_UNDECLARED_SELECTOR = YES;
				GCC_WARN_UNINITIALIZED_AUTOS = YES_AGGRESSIVE;
				GCC_WARN_UNUSED_FUNCTION = YES;
				GCC_WARN_UNUSED_VARIABLE = YES;
				IPHONEOS_DEPLOYMENT_TARGET = 17.2;
				LOCALIZATION_PREFERS_STRING_CATALOGS = YES;
				MTL_ENABLE_DEBUG_INFO = NO;
				MTL_FAST_MATH = YES;
				SDKROOT = iphoneos;
				SWIFT_COMPILATION_MODE = wholemodule;
				VALIDATE_PRODUCT = YES;
			};
			name = Release;
		};
		1D0612B52C6A75F0001FE2DD /* Debug */ = {
			isa = XCBuildConfiguration;
			buildSettings = {
				ASSETCATALOG_COMPILER_APPICON_NAME = AppIcon;
				ASSETCATALOG_COMPILER_GLOBAL_ACCENT_COLOR_NAME = AccentColor;
				CODE_SIGN_STYLE = Automatic;
				CURRENT_PROJECT_VERSION = 1;
				DEVELOPMENT_ASSET_PATHS = "\"CatchMe/Preview Content\"";
				DEVELOPMENT_TEAM = FNLUK5NF66;
				ENABLE_PREVIEWS = YES;
				GENERATE_INFOPLIST_FILE = YES;
				INFOPLIST_FILE = CatchMe/Info.plist;
				INFOPLIST_KEY_UIApplicationSceneManifest_Generation = YES;
				INFOPLIST_KEY_UIApplicationSupportsIndirectInputEvents = YES;
				INFOPLIST_KEY_UILaunchScreen_Generation = YES;
				INFOPLIST_KEY_UISupportedInterfaceOrientations_iPad = "UIInterfaceOrientationPortrait UIInterfaceOrientationPortraitUpsideDown UIInterfaceOrientationLandscapeLeft UIInterfaceOrientationLandscapeRight";
				INFOPLIST_KEY_UISupportedInterfaceOrientations_iPhone = "UIInterfaceOrientationPortrait UIInterfaceOrientationLandscapeLeft UIInterfaceOrientationLandscapeRight";
				IPHONEOS_DEPLOYMENT_TARGET = 18.0;
				LD_RUNPATH_SEARCH_PATHS = (
					"$(inherited)",
					"@executable_path/Frameworks",
				);
				MARKETING_VERSION = 1.0;
				PRODUCT_BUNDLE_IDENTIFIER = com.ardanar.CatchMeMobile;
				PRODUCT_NAME = "$(TARGET_NAME)";
				SWIFT_EMIT_LOC_STRINGS = YES;
				SWIFT_VERSION = 5.0;
				TARGETED_DEVICE_FAMILY = "1,2";
			};
			name = Debug;
		};
		1D0612B62C6A75F0001FE2DD /* Release */ = {
			isa = XCBuildConfiguration;
			buildSettings = {
				ASSETCATALOG_COMPILER_APPICON_NAME = AppIcon;
				ASSETCATALOG_COMPILER_GLOBAL_ACCENT_COLOR_NAME = AccentColor;
				CODE_SIGN_STYLE = Automatic;
				CURRENT_PROJECT_VERSION = 1;
				DEVELOPMENT_ASSET_PATHS = "\"CatchMe/Preview Content\"";
				DEVELOPMENT_TEAM = FNLUK5NF66;
				ENABLE_PREVIEWS = YES;
				GENERATE_INFOPLIST_FILE = YES;
				INFOPLIST_FILE = CatchMe/Info.plist;
				INFOPLIST_KEY_UIApplicationSceneManifest_Generation = YES;
				INFOPLIST_KEY_UIApplicationSupportsIndirectInputEvents = YES;
				INFOPLIST_KEY_UILaunchScreen_Generation = YES;
				INFOPLIST_KEY_UISupportedInterfaceOrientations_iPad = "UIInterfaceOrientationPortrait UIInterfaceOrientationPortraitUpsideDown UIInterfaceOrientationLandscapeLeft UIInterfaceOrientationLandscapeRight";
				INFOPLIST_KEY_UISupportedInterfaceOrientations_iPhone = "UIInterfaceOrientationPortrait UIInterfaceOrientationLandscapeLeft UIInterfaceOrientationLandscapeRight";
				IPHONEOS_DEPLOYMENT_TARGET = 18.0;
				LD_RUNPATH_SEARCH_PATHS = (
					"$(inherited)",
					"@executable_path/Frameworks",
				);
				MARKETING_VERSION = 1.0;
				PRODUCT_BUNDLE_IDENTIFIER = com.ardanar.CatchMeMobile;
				PRODUCT_NAME = "$(TARGET_NAME)";
				SWIFT_EMIT_LOC_STRINGS = YES;
				SWIFT_VERSION = 5.0;
				TARGETED_DEVICE_FAMILY = "1,2";
			};
			name = Release;
		};
/* End XCBuildConfiguration section */

/* Begin XCConfigurationList section */
		1D0612A12C6A75EF001FE2DD /* Build configuration list for PBXProject "CatchMe" */ = {
			isa = XCConfigurationList;
			buildConfigurations = (
				1D0612B22C6A75F0001FE2DD /* Debug */,
				1D0612B32C6A75F0001FE2DD /* Release */,
			);
			defaultConfigurationIsVisible = 0;
			defaultConfigurationName = Release;
		};
		1D0612B42C6A75F0001FE2DD /* Build configuration list for PBXNativeTarget "CatchMe" */ = {
			isa = XCConfigurationList;
			buildConfigurations = (
				1D0612B52C6A75F0001FE2DD /* Debug */,
				1D0612B62C6A75F0001FE2DD /* Release */,
			);
			defaultConfigurationIsVisible = 0;
			defaultConfigurationName = Release;
		};
/* End XCConfigurationList section */

/* Begin XCRemoteSwiftPackageReference section */
		1D7CF1E82CA7F23900CB17ED /* XCRemoteSwiftPackageReference "firebase-ios-sdk" */ = {
			isa = XCRemoteSwiftPackageReference;
			repositoryURL = "https://github.com/firebase/firebase-ios-sdk.git";
			requirement = {
				kind = upToNextMajorVersion;
				minimumVersion = 11.2.0;
			};
		};
		1D7CF2172CA7F26200CB17ED /* XCRemoteSwiftPackageReference "GoogleSignIn-iOS" */ = {
			isa = XCRemoteSwiftPackageReference;
			repositoryURL = "https://github.com/google/GoogleSignIn-iOS.git";
			requirement = {
				kind = upToNextMajorVersion;
				minimumVersion = 8.0.0;
			};
		};
		1DFCDCE32C73ACFF00C32231 /* XCRemoteSwiftPackageReference "Alamofire" */ = {
			isa = XCRemoteSwiftPackageReference;
			repositoryURL = "https://github.com/Alamofire/Alamofire.git";
			requirement = {
				kind = upToNextMajorVersion;
				minimumVersion = 5.9.1;
			};
		};
/* End XCRemoteSwiftPackageReference section */

/* Begin XCSwiftPackageProductDependency section */
		1D7CF1D02CA7EFE800CB17ED /* FirebaseAnalytics */ = {
			isa = XCSwiftPackageProductDependency;
			productName = FirebaseAnalytics;
		};
		1D7CF1D22CA7EFE800CB17ED /* FirebaseAnalyticsOnDeviceConversion */ = {
			isa = XCSwiftPackageProductDependency;
			productName = FirebaseAnalyticsOnDeviceConversion;
		};
		1D7CF1D42CA7EFE800CB17ED /* FirebaseAnalyticsWithoutAdIdSupport */ = {
			isa = XCSwiftPackageProductDependency;
			productName = FirebaseAnalyticsWithoutAdIdSupport;
		};
		1D7CF1D62CA7EFE800CB17ED /* FirebaseAppCheck */ = {
			isa = XCSwiftPackageProductDependency;
			productName = FirebaseAppCheck;
		};
		1D7CF1D82CA7EFE800CB17ED /* FirebaseAppDistribution-Beta */ = {
			isa = XCSwiftPackageProductDependency;
			productName = "FirebaseAppDistribution-Beta";
		};
		1D7CF1DA2CA7EFE800CB17ED /* FirebaseAuth */ = {
			isa = XCSwiftPackageProductDependency;
			productName = FirebaseAuth;
		};
		1D7CF1DC2CA7EFE800CB17ED /* FirebaseAuthCombine-Community */ = {
			isa = XCSwiftPackageProductDependency;
			productName = "FirebaseAuthCombine-Community";
		};
		1D7CF1DE2CA7EFE800CB17ED /* FirebaseCrashlytics */ = {
			isa = XCSwiftPackageProductDependency;
			productName = FirebaseCrashlytics;
		};
		1D7CF1E02CA7EFE800CB17ED /* FirebaseDatabase */ = {
			isa = XCSwiftPackageProductDependency;
			productName = FirebaseDatabase;
		};
		1D7CF1E22CA7EFE800CB17ED /* FirebaseDynamicLinks */ = {
			isa = XCSwiftPackageProductDependency;
			productName = FirebaseDynamicLinks;
		};
		1D7CF1E42CA7EFE800CB17ED /* FirebaseFirestore */ = {
			isa = XCSwiftPackageProductDependency;
			productName = FirebaseFirestore;
		};
		1D7CF1E62CA7EFE800CB17ED /* FirebaseFirestoreCombine-Community */ = {
			isa = XCSwiftPackageProductDependency;
			productName = "FirebaseFirestoreCombine-Community";
		};
		1D7CF1E92CA7F23900CB17ED /* FirebaseAnalytics */ = {
			isa = XCSwiftPackageProductDependency;
			package = 1D7CF1E82CA7F23900CB17ED /* XCRemoteSwiftPackageReference "firebase-ios-sdk" */;
			productName = FirebaseAnalytics;
		};
		1D7CF1EB2CA7F23900CB17ED /* FirebaseAnalyticsOnDeviceConversion */ = {
			isa = XCSwiftPackageProductDependency;
			package = 1D7CF1E82CA7F23900CB17ED /* XCRemoteSwiftPackageReference "firebase-ios-sdk" */;
			productName = FirebaseAnalyticsOnDeviceConversion;
		};
		1D7CF1ED2CA7F23900CB17ED /* FirebaseAnalyticsWithoutAdIdSupport */ = {
			isa = XCSwiftPackageProductDependency;
			package = 1D7CF1E82CA7F23900CB17ED /* XCRemoteSwiftPackageReference "firebase-ios-sdk" */;
			productName = FirebaseAnalyticsWithoutAdIdSupport;
		};
		1D7CF1EF2CA7F23900CB17ED /* FirebaseAppCheck */ = {
			isa = XCSwiftPackageProductDependency;
			package = 1D7CF1E82CA7F23900CB17ED /* XCRemoteSwiftPackageReference "firebase-ios-sdk" */;
			productName = FirebaseAppCheck;
		};
		1D7CF1F12CA7F23900CB17ED /* FirebaseAppDistribution-Beta */ = {
			isa = XCSwiftPackageProductDependency;
			package = 1D7CF1E82CA7F23900CB17ED /* XCRemoteSwiftPackageReference "firebase-ios-sdk" */;
			productName = "FirebaseAppDistribution-Beta";
		};
		1D7CF1F32CA7F23900CB17ED /* FirebaseAuth */ = {
			isa = XCSwiftPackageProductDependency;
			package = 1D7CF1E82CA7F23900CB17ED /* XCRemoteSwiftPackageReference "firebase-ios-sdk" */;
			productName = FirebaseAuth;
		};
		1D7CF1F52CA7F23900CB17ED /* FirebaseAuthCombine-Community */ = {
			isa = XCSwiftPackageProductDependency;
			package = 1D7CF1E82CA7F23900CB17ED /* XCRemoteSwiftPackageReference "firebase-ios-sdk" */;
			productName = "FirebaseAuthCombine-Community";
		};
		1D7CF1F72CA7F23900CB17ED /* FirebaseCrashlytics */ = {
			isa = XCSwiftPackageProductDependency;
			package = 1D7CF1E82CA7F23900CB17ED /* XCRemoteSwiftPackageReference "firebase-ios-sdk" */;
			productName = FirebaseCrashlytics;
		};
		1D7CF1F92CA7F23900CB17ED /* FirebaseDatabase */ = {
			isa = XCSwiftPackageProductDependency;
			package = 1D7CF1E82CA7F23900CB17ED /* XCRemoteSwiftPackageReference "firebase-ios-sdk" */;
			productName = FirebaseDatabase;
		};
		1D7CF1FB2CA7F23900CB17ED /* FirebaseDynamicLinks */ = {
			isa = XCSwiftPackageProductDependency;
			package = 1D7CF1E82CA7F23900CB17ED /* XCRemoteSwiftPackageReference "firebase-ios-sdk" */;
			productName = FirebaseDynamicLinks;
		};
		1D7CF1FD2CA7F23900CB17ED /* FirebaseFirestore */ = {
			isa = XCSwiftPackageProductDependency;
			package = 1D7CF1E82CA7F23900CB17ED /* XCRemoteSwiftPackageReference "firebase-ios-sdk" */;
			productName = FirebaseFirestore;
		};
		1D7CF1FF2CA7F23900CB17ED /* FirebaseFirestoreCombine-Community */ = {
			isa = XCSwiftPackageProductDependency;
			package = 1D7CF1E82CA7F23900CB17ED /* XCRemoteSwiftPackageReference "firebase-ios-sdk" */;
			productName = "FirebaseFirestoreCombine-Community";
		};
		1D7CF2012CA7F23900CB17ED /* FirebaseFunctions */ = {
			isa = XCSwiftPackageProductDependency;
			package = 1D7CF1E82CA7F23900CB17ED /* XCRemoteSwiftPackageReference "firebase-ios-sdk" */;
			productName = FirebaseFunctions;
		};
		1D7CF2032CA7F23900CB17ED /* FirebaseFunctionsCombine-Community */ = {
			isa = XCSwiftPackageProductDependency;
			package = 1D7CF1E82CA7F23900CB17ED /* XCRemoteSwiftPackageReference "firebase-ios-sdk" */;
			productName = "FirebaseFunctionsCombine-Community";
		};
		1D7CF2052CA7F23900CB17ED /* FirebaseInAppMessaging-Beta */ = {
			isa = XCSwiftPackageProductDependency;
			package = 1D7CF1E82CA7F23900CB17ED /* XCRemoteSwiftPackageReference "firebase-ios-sdk" */;
			productName = "FirebaseInAppMessaging-Beta";
		};
		1D7CF2072CA7F23900CB17ED /* FirebaseInstallations */ = {
			isa = XCSwiftPackageProductDependency;
			package = 1D7CF1E82CA7F23900CB17ED /* XCRemoteSwiftPackageReference "firebase-ios-sdk" */;
			productName = FirebaseInstallations;
		};
		1D7CF2092CA7F23900CB17ED /* FirebaseMLModelDownloader */ = {
			isa = XCSwiftPackageProductDependency;
			package = 1D7CF1E82CA7F23900CB17ED /* XCRemoteSwiftPackageReference "firebase-ios-sdk" */;
			productName = FirebaseMLModelDownloader;
		};
		1D7CF20B2CA7F23900CB17ED /* FirebaseMessaging */ = {
			isa = XCSwiftPackageProductDependency;
			package = 1D7CF1E82CA7F23900CB17ED /* XCRemoteSwiftPackageReference "firebase-ios-sdk" */;
			productName = FirebaseMessaging;
		};
		1D7CF20D2CA7F23900CB17ED /* FirebasePerformance */ = {
			isa = XCSwiftPackageProductDependency;
			package = 1D7CF1E82CA7F23900CB17ED /* XCRemoteSwiftPackageReference "firebase-ios-sdk" */;
			productName = FirebasePerformance;
		};
		1D7CF20F2CA7F23900CB17ED /* FirebaseRemoteConfig */ = {
			isa = XCSwiftPackageProductDependency;
			package = 1D7CF1E82CA7F23900CB17ED /* XCRemoteSwiftPackageReference "firebase-ios-sdk" */;
			productName = FirebaseRemoteConfig;
		};
		1D7CF2112CA7F23900CB17ED /* FirebaseStorage */ = {
			isa = XCSwiftPackageProductDependency;
			package = 1D7CF1E82CA7F23900CB17ED /* XCRemoteSwiftPackageReference "firebase-ios-sdk" */;
			productName = FirebaseStorage;
		};
		1D7CF2132CA7F23900CB17ED /* FirebaseStorageCombine-Community */ = {
			isa = XCSwiftPackageProductDependency;
			package = 1D7CF1E82CA7F23900CB17ED /* XCRemoteSwiftPackageReference "firebase-ios-sdk" */;
			productName = "FirebaseStorageCombine-Community";
		};
		1D7CF2152CA7F23900CB17ED /* FirebaseVertexAI-Preview */ = {
			isa = XCSwiftPackageProductDependency;
			package = 1D7CF1E82CA7F23900CB17ED /* XCRemoteSwiftPackageReference "firebase-ios-sdk" */;
			productName = "FirebaseVertexAI-Preview";
		};
		1D7CF2182CA7F26200CB17ED /* GoogleSignIn */ = {
			isa = XCSwiftPackageProductDependency;
			package = 1D7CF2172CA7F26200CB17ED /* XCRemoteSwiftPackageReference "GoogleSignIn-iOS" */;
			productName = GoogleSignIn;
		};
		1D7CF21A2CA7F26200CB17ED /* GoogleSignInSwift */ = {
			isa = XCSwiftPackageProductDependency;
			package = 1D7CF2172CA7F26200CB17ED /* XCRemoteSwiftPackageReference "GoogleSignIn-iOS" */;
			productName = GoogleSignInSwift;
		};
		1DFCDCE42C73ACFF00C32231 /* Alamofire */ = {
			isa = XCSwiftPackageProductDependency;
			package = 1DFCDCE32C73ACFF00C32231 /* XCRemoteSwiftPackageReference "Alamofire" */;
			productName = Alamofire;
		};
/* End XCSwiftPackageProductDependency section */
	};
	rootObject = 1D06129E2C6A75EF001FE2DD /* Project object */;
}
